
Microsoft Visual Studio Solution File, Format Version 12.00
Project("{2150E333-8FDC-42A3-9474-1A3956D46DE8}") = "docs", "docs", "{ACFCEFF7-8C3B-4D05-8080-DD19A6E07873}"
	ProjectSection(SolutionItems) = preProject
		README.md = README.md
	EndProjectSection
EndProject
Project("{2150E333-8FDC-42A3-9474-1A3956D46DE8}") = "actions", "actions", "{82BA388F-4AE2-43A2-965A-AC2092BF26F3}"
	ProjectSection(SolutionItems) = preProject
		.github\workflows\dotnet.yml = .github\workflows\dotnet.yml
		.github\workflows\test-reporter.yml = .github\workflows\test-reporter.yml
		.github\workflows\Plagiarism_detector.yml = .github\workflows\Plagiarism_detector.yml
		.github\coverlet.runsettings = .github\coverlet.runsettings
	EndProjectSection
EndProject
Project("{2150E333-8FDC-42A3-9474-1A3956D46DE8}") = "Homework6", "Homework6", "{E16D4D1E-F9D7-4566-8439-E4A063CFAFAD}"
	ProjectSection(SolutionItems) = preProject
		Homework6\README.md = Homework6\README.md
	EndProjectSection
EndProject
Project("{F2A71F9B-5D33-465A-A702-920D77279786}") = "Hw6", "Homework6\Hw6\Hw6.fsproj", "{3B6B82C5-ACA8-4128-86CB-1EECC9D3B6BC}"
EndProject
Project("{FAE04EC0-301F-11D3-BF4B-00C04F79EFBC}") = "Hw6Tests", "Homework6\Hw6.Tests\Hw6Tests.csproj", "{9A993124-7262-48FA-8FAB-A8EABA119947}"
EndProject
Project("{F2A71F9B-5D33-465A-A702-920D77279786}") = "Hw6Client", "Homework6\Hw6Client\Hw6Client.fsproj", "{B45F6411-1311-4D5E-8E8B-FDB504E60D79}"
EndProject
Project("{FAE04EC0-301F-11D3-BF4B-00C04F79EFBC}") = "Hw1", "Homework1\Hw1\Hw1.csproj", "{AB76B101-5280-46E9-9C4C-701C216C952B}"
EndProject
Project("{FAE04EC0-301F-11D3-BF4B-00C04F79EFBC}") = "Hw1.Tests", "Homework1\Hw1.Tests\Hw1.Tests.csproj", "{C1F557A2-1571-4ADE-BADA-8BF6BA5A033C}"
EndProject
Project("{FAE04EC0-301F-11D3-BF4B-00C04F79EFBC}") = "Hw2Tests", "Homework2\Hw2.Tests\Hw2Tests.csproj", "{4E40C0E4-58B2-4500-8C0D-33F4B31A995E}"
EndProject
Project("{9A19103F-16F7-4668-BE54-9A1E7A4F7556}") = "Hw2", "Homework2\Hw2\Hw2.ilproj", "{20E02211-CBE1-4505-BB1F-BA681323EAC4}"
EndProject
Project("{FAE04EC0-301F-11D3-BF4B-00C04F79EFBC}") = "Hw3.Mutex", "Homework3\Hw3.Mutex\Hw3.Mutex.csproj", "{69169978-D1C4-47D7-98DC-6BFECC27E206}"
EndProject
Project("{FAE04EC0-301F-11D3-BF4B-00C04F79EFBC}") = "Hw3.Tests", "Homework3\Hw3.Tests\Hw3.Tests.csproj", "{C9E05ABA-80D3-447C-A19B-A5EFC082E36A}"
EndProject
Project("{F2A71F9B-5D33-465A-A702-920D77279786}") = "Hw4", "Homework4\Hw4\Hw4.fsproj", "{1B43A902-B46F-4BBC-B26D-893E59A7A39E}"
EndProject
Project("{F2A71F9B-5D33-465A-A702-920D77279786}") = "Hw4.Tests", "Homework4\Hw4.Tests\Hw4.Tests.fsproj", "{05849DCF-76EB-4851-9421-0ECE05130F67}"
EndProject
Project("{F2A71F9B-5D33-465A-A702-920D77279786}") = "Hw5", "Homework5\Hw5\Hw5.fsproj", "{DA0F1E5A-E250-48C6-989B-ABC86EEEB1CE}"
EndProject
Project("{F2A71F9B-5D33-465A-A702-920D77279786}") = "Hw5.Tests", "Homework5\Hw5.Tests\Hw5.Tests.fsproj", "{85DEAD30-F349-4365-9E65-E97FA535A79C}"
EndProject
Global
	GlobalSection(SolutionConfigurationPlatforms) = preSolution
		Debug|Any CPU = Debug|Any CPU
		Release|Any CPU = Release|Any CPU
	EndGlobalSection
	GlobalSection(ProjectConfigurationPlatforms) = postSolution
		{3B6B82C5-ACA8-4128-86CB-1EECC9D3B6BC}.Debug|Any CPU.ActiveCfg = Debug|Any CPU
		{3B6B82C5-ACA8-4128-86CB-1EECC9D3B6BC}.Debug|Any CPU.Build.0 = Debug|Any CPU
		{3B6B82C5-ACA8-4128-86CB-1EECC9D3B6BC}.Release|Any CPU.ActiveCfg = Release|Any CPU
		{3B6B82C5-ACA8-4128-86CB-1EECC9D3B6BC}.Release|Any CPU.Build.0 = Release|Any CPU
		{9A993124-7262-48FA-8FAB-A8EABA119947}.Debug|Any CPU.ActiveCfg = Debug|Any CPU
		{9A993124-7262-48FA-8FAB-A8EABA119947}.Debug|Any CPU.Build.0 = Debug|Any CPU
		{9A993124-7262-48FA-8FAB-A8EABA119947}.Release|Any CPU.ActiveCfg = Release|Any CPU
		{9A993124-7262-48FA-8FAB-A8EABA119947}.Release|Any CPU.Build.0 = Release|Any CPU
		{B45F6411-1311-4D5E-8E8B-FDB504E60D79}.Debug|Any CPU.ActiveCfg = Debug|Any CPU
		{B45F6411-1311-4D5E-8E8B-FDB504E60D79}.Debug|Any CPU.Build.0 = Debug|Any CPU
		{B45F6411-1311-4D5E-8E8B-FDB504E60D79}.Release|Any CPU.ActiveCfg = Release|Any CPU
		{B45F6411-1311-4D5E-8E8B-FDB504E60D79}.Release|Any CPU.Build.0 = Release|Any CPU
		{AB76B101-5280-46E9-9C4C-701C216C952B}.Debug|Any CPU.ActiveCfg = Debug|Any CPU
		{AB76B101-5280-46E9-9C4C-701C216C952B}.Debug|Any CPU.Build.0 = Debug|Any CPU
		{AB76B101-5280-46E9-9C4C-701C216C952B}.Release|Any CPU.ActiveCfg = Release|Any CPU
		{AB76B101-5280-46E9-9C4C-701C216C952B}.Release|Any CPU.Build.0 = Release|Any CPU
		{C1F557A2-1571-4ADE-BADA-8BF6BA5A033C}.Debug|Any CPU.ActiveCfg = Debug|Any CPU
		{C1F557A2-1571-4ADE-BADA-8BF6BA5A033C}.Debug|Any CPU.Build.0 = Debug|Any CPU
		{C1F557A2-1571-4ADE-BADA-8BF6BA5A033C}.Release|Any CPU.ActiveCfg = Release|Any CPU
		{C1F557A2-1571-4ADE-BADA-8BF6BA5A033C}.Release|Any CPU.Build.0 = Release|Any CPU
		{4E40C0E4-58B2-4500-8C0D-33F4B31A995E}.Debug|Any CPU.ActiveCfg = Debug|Any CPU
		{4E40C0E4-58B2-4500-8C0D-33F4B31A995E}.Debug|Any CPU.Build.0 = Debug|Any CPU
		{4E40C0E4-58B2-4500-8C0D-33F4B31A995E}.Release|Any CPU.ActiveCfg = Release|Any CPU
		{4E40C0E4-58B2-4500-8C0D-33F4B31A995E}.Release|Any CPU.Build.0 = Release|Any CPU
		{20E02211-CBE1-4505-BB1F-BA681323EAC4}.Debug|Any CPU.ActiveCfg = Debug|Any CPU
		{20E02211-CBE1-4505-BB1F-BA681323EAC4}.Debug|Any CPU.Build.0 = Debug|Any CPU
		{20E02211-CBE1-4505-BB1F-BA681323EAC4}.Release|Any CPU.ActiveCfg = Release|Any CPU
		{20E02211-CBE1-4505-BB1F-BA681323EAC4}.Release|Any CPU.Build.0 = Release|Any CPU
		{69169978-D1C4-47D7-98DC-6BFECC27E206}.Debug|Any CPU.ActiveCfg = Debug|Any CPU
		{69169978-D1C4-47D7-98DC-6BFECC27E206}.Debug|Any CPU.Build.0 = Debug|Any CPU
		{69169978-D1C4-47D7-98DC-6BFECC27E206}.Release|Any CPU.ActiveCfg = Release|Any CPU
		{69169978-D1C4-47D7-98DC-6BFECC27E206}.Release|Any CPU.Build.0 = Release|Any CPU
		{C9E05ABA-80D3-447C-A19B-A5EFC082E36A}.Debug|Any CPU.ActiveCfg = Debug|Any CPU
		{C9E05ABA-80D3-447C-A19B-A5EFC082E36A}.Debug|Any CPU.Build.0 = Debug|Any CPU
		{C9E05ABA-80D3-447C-A19B-A5EFC082E36A}.Release|Any CPU.ActiveCfg = Release|Any CPU
		{C9E05ABA-80D3-447C-A19B-A5EFC082E36A}.Release|Any CPU.Build.0 = Release|Any CPU
		{1B43A902-B46F-4BBC-B26D-893E59A7A39E}.Debug|Any CPU.ActiveCfg = Debug|Any CPU
		{1B43A902-B46F-4BBC-B26D-893E59A7A39E}.Debug|Any CPU.Build.0 = Debug|Any CPU
		{1B43A902-B46F-4BBC-B26D-893E59A7A39E}.Release|Any CPU.ActiveCfg = Release|Any CPU
		{1B43A902-B46F-4BBC-B26D-893E59A7A39E}.Release|Any CPU.Build.0 = Release|Any CPU
		{05849DCF-76EB-4851-9421-0ECE05130F67}.Debug|Any CPU.ActiveCfg = Debug|Any CPU
		{05849DCF-76EB-4851-9421-0ECE05130F67}.Debug|Any CPU.Build.0 = Debug|Any CPU
		{05849DCF-76EB-4851-9421-0ECE05130F67}.Release|Any CPU.ActiveCfg = Release|Any CPU
		{05849DCF-76EB-4851-9421-0ECE05130F67}.Release|Any CPU.Build.0 = Release|Any CPU
		{DA0F1E5A-E250-48C6-989B-ABC86EEEB1CE}.Debug|Any CPU.ActiveCfg = Debug|Any CPU
		{DA0F1E5A-E250-48C6-989B-ABC86EEEB1CE}.Debug|Any CPU.Build.0 = Debug|Any CPU
		{DA0F1E5A-E250-48C6-989B-ABC86EEEB1CE}.Release|Any CPU.ActiveCfg = Release|Any CPU
		{DA0F1E5A-E250-48C6-989B-ABC86EEEB1CE}.Release|Any CPU.Build.0 = Release|Any CPU
		{85DEAD30-F349-4365-9E65-E97FA535A79C}.Debug|Any CPU.ActiveCfg = Debug|Any CPU
		{85DEAD30-F349-4365-9E65-E97FA535A79C}.Debug|Any CPU.Build.0 = Debug|Any CPU
		{85DEAD30-F349-4365-9E65-E97FA535A79C}.Release|Any CPU.ActiveCfg = Release|Any CPU
		{85DEAD30-F349-4365-9E65-E97FA535A79C}.Release|Any CPU.Build.0 = Release|Any CPU
	EndGlobalSection
	GlobalSection(NestedProjects) = preSolution
		{3B6B82C5-ACA8-4128-86CB-1EECC9D3B6BC} = {E16D4D1E-F9D7-4566-8439-E4A063CFAFAD}
		{9A993124-7262-48FA-8FAB-A8EABA119947} = {E16D4D1E-F9D7-4566-8439-E4A063CFAFAD}
		{B45F6411-1311-4D5E-8E8B-FDB504E60D79} = {E16D4D1E-F9D7-4566-8439-E4A063CFAFAD}
	EndGlobalSection
EndGlobal
